
Microsoft Visual Studio Solution File, Format Version 12.00
# Visual Studio Version 17
VisualStudioVersion = 17.10.35013.160
MinimumVisualStudioVersion = 10.0.40219.1
Project("{FAE04EC0-301F-11D3-BF4B-00C04F79EFBC}") = "mf-api-web-services", "mf-api-web-services\mf-api-web-services.csproj", "{EAD36A7C-3A11-49DE-B789-100E3BCBFB85}"
EndProject
Global
	GlobalSection(SolutionConfigurationPlatforms) = preSolution
		Debug|Any CPU = Debug|Any CPU
		Release|Any CPU = Release|Any CPU
	EndGlobalSection
	GlobalSection(ProjectConfigurationPlatforms) = postSolution
		{EAD36A7C-3A11-49DE-B789-100E3BCBFB85}.Debug|Any CPU.ActiveCfg = Debug|Any CPU
		{EAD36A7C-3A11-49DE-B789-100E3BCBFB85}.Debug|Any CPU.Build.0 = Debug|Any CPU
		{EAD36A7C-3A11-49DE-B789-100E3BCBFB85}.Release|Any CPU.ActiveCfg = Release|Any CPU
		{EAD36A7C-3A11-49DE-B789-100E3BCBFB85}.Release|Any CPU.Build.0 = Release|Any CPU
	EndGlobalSection
	GlobalSection(SolutionProperties) = preSolution
		HideSolutionNode = FALSE
	EndGlobalSection
	GlobalSection(ExtensibilityGlobals) = postSolution
		SolutionGuid = {0F6702E2-7E72-4DAE-A9A5-999A59BDED05}
	EndGlobalSection
EndGlobal
